// !$*UTF8*$!
{
	archiveVersion = 1;
	classes = {
	};
	objectVersion = 46;
	objects = {

/* Begin PBXBuildFile section */
		BBC5B85B1BA0023600BE8791 /* AppDelegate.swift in Sources */ = {isa = PBXBuildFile; fileRef = BBC5B85A1BA0023600BE8791 /* AppDelegate.swift */; };
		BBC5B85D1BA0023600BE8791 /* ViewController.swift in Sources */ = {isa = PBXBuildFile; fileRef = BBC5B85C1BA0023600BE8791 /* ViewController.swift */; };
		BBC5B8601BA0023600BE8791 /* Main.storyboard in Resources */ = {isa = PBXBuildFile; fileRef = BBC5B85E1BA0023600BE8791 /* Main.storyboard */; };
		BBC5B8621BA0023600BE8791 /* Images.xcassets in Resources */ = {isa = PBXBuildFile; fileRef = BBC5B8611BA0023600BE8791 /* Images.xcassets */; };
		BBC5B8651BA0023600BE8791 /* LaunchScreen.xib in Resources */ = {isa = PBXBuildFile; fileRef = BBC5B8631BA0023600BE8791 /* LaunchScreen.xib */; };
		BBC5B8711BA0023600BE8791 /* VCWaitingViewTests.swift in Sources */ = {isa = PBXBuildFile; fileRef = BBC5B8701BA0023600BE8791 /* VCWaitingViewTests.swift */; };
/* End PBXBuildFile section */

/* Begin PBXContainerItemProxy section */
		BBC5B86B1BA0023600BE8791 /* PBXContainerItemProxy */ = {
			isa = PBXContainerItemProxy;
			containerPortal = BBC5B84D1BA0023600BE8791 /* Project object */;
			proxyType = 1;
			remoteGlobalIDString = BBC5B8541BA0023600BE8791;
			remoteInfo = VCWaitingView;
		};
/* End PBXContainerItemProxy section */

/* Begin PBXFileReference section */
		BBC5B8551BA0023600BE8791 /* VCWaitingView.app */ = {isa = PBXFileReference; explicitFileType = wrapper.application; includeInIndex = 0; path = VCWaitingView.app; sourceTree = BUILT_PRODUCTS_DIR; };
		BBC5B8591BA0023600BE8791 /* Info.plist */ = {isa = PBXFileReference; lastKnownFileType = text.plist.xml; path = Info.plist; sourceTree = "<group>"; };
		BBC5B85A1BA0023600BE8791 /* AppDelegate.swift */ = {isa = PBXFileReference; lastKnownFileType = sourcecode.swift; path = AppDelegate.swift; sourceTree = "<group>"; };
		BBC5B85C1BA0023600BE8791 /* ViewController.swift */ = {isa = PBXFileReference; lastKnownFileType = sourcecode.swift; path = ViewController.swift; sourceTree = "<group>"; };
		BBC5B85F1BA0023600BE8791 /* Base */ = {isa = PBXFileReference; lastKnownFileType = file.storyboard; name = Base; path = Base.lproj/Main.storyboard; sourceTree = "<group>"; };
		BBC5B8611BA0023600BE8791 /* Images.xcassets */ = {isa = PBXFileReference; lastKnownFileType = folder.assetcatalog; path = Images.xcassets; sourceTree = "<group>"; };
		BBC5B8641BA0023600BE8791 /* Base */ = {isa = PBXFileReference; lastKnownFileType = file.xib; name = Base; path = Base.lproj/LaunchScreen.xib; sourceTree = "<group>"; };
		BBC5B86A1BA0023600BE8791 /* VCWaitingViewTests.xctest */ = {isa = PBXFileReference; explicitFileType = wrapper.cfbundle; includeInIndex = 0; path = VCWaitingViewTests.xctest; sourceTree = BUILT_PRODUCTS_DIR; };
		BBC5B86F1BA0023600BE8791 /* Info.plist */ = {isa = PBXFileReference; lastKnownFileType = text.plist.xml; path = Info.plist; sourceTree = "<group>"; };
		BBC5B8701BA0023600BE8791 /* VCWaitingViewTests.swift */ = {isa = PBXFileReference; lastKnownFileType = sourcecode.swift; path = VCWaitingViewTests.swift; sourceTree = "<group>"; };
/* End PBXFileReference section */

/* Begin PBXFrameworksBuildPhase section */
		BBC5B8521BA0023600BE8791 /* Frameworks */ = {
			isa = PBXFrameworksBuildPhase;
			buildActionMask = 2147483647;
			files = (
			);
			runOnlyForDeploymentPostprocessing = 0;
		};
		BBC5B8671BA0023600BE8791 /* Frameworks */ = {
			isa = PBXFrameworksBuildPhase;
			buildActionMask = 2147483647;
			files = (
			);
			runOnlyForDeploymentPostprocessing = 0;
		};
/* End PBXFrameworksBuildPhase section */

/* Begin PBXGroup section */
		BBC5B84C1BA0023600BE8791 = {
			isa = PBXGroup;
			children = (
				BBC5B8571BA0023600BE8791 /* VCWaitingView */,
				BBC5B86D1BA0023600BE8791 /* VCWaitingViewTests */,
				BBC5B8561BA0023600BE8791 /* Products */,
			);
			sourceTree = "<group>";
		};
		BBC5B8561BA0023600BE8791 /* Products */ = {
			isa = PBXGroup;
			children = (
				BBC5B8551BA0023600BE8791 /* VCWaitingView.app */,
				BBC5B86A1BA0023600BE8791 /* VCWaitingViewTests.xctest */,
			);
			name = Products;
			sourceTree = "<group>";
		};
		BBC5B8571BA0023600BE8791 /* VCWaitingView */ = {
			isa = PBXGroup;
			children = (
				BBC5B85A1BA0023600BE8791 /* AppDelegate.swift */,
				BBC5B85C1BA0023600BE8791 /* ViewController.swift */,
				BBC5B85E1BA0023600BE8791 /* Main.storyboard */,
				BBC5B8611BA0023600BE8791 /* Images.xcassets */,
				BBC5B8631BA0023600BE8791 /* LaunchScreen.xib */,
				BBC5B8581BA0023600BE8791 /* Supporting Files */,
			);
			path = VCWaitingView;
			sourceTree = "<group>";
		};
		BBC5B8581BA0023600BE8791 /* Supporting Files */ = {
			isa = PBXGroup;
			children = (
				BBC5B8591BA0023600BE8791 /* Info.plist */,
			);
			name = "Supporting Files";
			sourceTree = "<group>";
		};
		BBC5B86D1BA0023600BE8791 /* VCWaitingViewTests */ = {
			isa = PBXGroup;
			children = (
				BBC5B8701BA0023600BE8791 /* VCWaitingViewTests.swift */,
				BBC5B86E1BA0023600BE8791 /* Supporting Files */,
			);
			path = VCWaitingViewTests;
			sourceTree = "<group>";
		};
		BBC5B86E1BA0023600BE8791 /* Supporting Files */ = {
			isa = PBXGroup;
			children = (
				BBC5B86F1BA0023600BE8791 /* Info.plist */,
			);
			name = "Supporting Files";
			sourceTree = "<group>";
		};
/* End PBXGroup section */

/* Begin PBXNativeTarget section */
		BBC5B8541BA0023600BE8791 /* VCWaitingView */ = {
			isa = PBXNativeTarget;
			buildConfigurationList = BBC5B8741BA0023600BE8791 /* Build configuration list for PBXNativeTarget "VCWaitingView" */;
			buildPhases = (
				BBC5B8511BA0023600BE8791 /* Sources */,
				BBC5B8521BA0023600BE8791 /* Frameworks */,
				BBC5B8531BA0023600BE8791 /* Resources */,
			);
			buildRules = (
			);
			dependencies = (
			);
			name = VCWaitingView;
			productName = VCWaitingView;
			productReference = BBC5B8551BA0023600BE8791 /* VCWaitingView.app */;
			productType = "com.apple.product-type.application";
		};
		BBC5B8691BA0023600BE8791 /* VCWaitingViewTests */ = {
			isa = PBXNativeTarget;
			buildConfigurationList = BBC5B8771BA0023600BE8791 /* Build configuration list for PBXNativeTarget "VCWaitingViewTests" */;
			buildPhases = (
				BBC5B8661BA0023600BE8791 /* Sources */,
				BBC5B8671BA0023600BE8791 /* Frameworks */,
				BBC5B8681BA0023600BE8791 /* Resources */,
			);
			buildRules = (
			);
			dependencies = (
				BBC5B86C1BA0023600BE8791 /* PBXTargetDependency */,
			);
			name = VCWaitingViewTests;
			productName = VCWaitingViewTests;
			productReference = BBC5B86A1BA0023600BE8791 /* VCWaitingViewTests.xctest */;
			productType = "com.apple.product-type.bundle.unit-test";
		};
/* End PBXNativeTarget section */

/* Begin PBXProject section */
		BBC5B84D1BA0023600BE8791 /* Project object */ = {
			isa = PBXProject;
			attributes = {
				LastUpgradeCheck = 0640;
				ORGANIZATIONNAME = VictorChee;
				TargetAttributes = {
					BBC5B8541BA0023600BE8791 = {
						CreatedOnToolsVersion = 6.4;
					};
					BBC5B8691BA0023600BE8791 = {
						CreatedOnToolsVersion = 6.4;
						TestTargetID = BBC5B8541BA0023600BE8791;
					};
				};
			};
			buildConfigurationList = BBC5B8501BA0023600BE8791 /* Build configuration list for PBXProject "VCWaitingView" */;
			compatibilityVersion = "Xcode 3.2";
			developmentRegion = English;
			hasScannedForEncodings = 0;
			knownRegions = (
				en,
				Base,
			);
			mainGroup = BBC5B84C1BA0023600BE8791;
			productRefGroup = BBC5B8561BA0023600BE8791 /* Products */;
			projectDirPath = "";
			projectRoot = "";
			targets = (
				BBC5B8541BA0023600BE8791 /* VCWaitingView */,
				BBC5B8691BA0023600BE8791 /* VCWaitingViewTests */,
			);
		};
/* End PBXProject section */

/* Begin PBXResourcesBuildPhase section */
		BBC5B8531BA0023600BE8791 /* Resources */ = {
			isa = PBXResourcesBuildPhase;
			buildActionMask = 2147483647;
			files = (
				BBC5B8601BA0023600BE8791 /* Main.storyboard in Resources */,
				BBC5B8651BA0023600BE8791 /* LaunchScreen.xib in Resources */,
				BBC5B8621BA0023600BE8791 /* Images.xcassets in Resources */,
			);
			runOnlyForDeploymentPostprocessing = 0;
		};
		BBC5B8681BA0023600BE8791 /* Resources */ = {
			isa = PBXResourcesBuildPhase;
			buildActionMask = 2147483647;
			files = (
			);
			runOnlyForDeploymentPostprocessing = 0;
		};
/* End PBXResourcesBuildPhase section */

/* Begin PBXSourcesBuildPhase section */
		BBC5B8511BA0023600BE8791 /* Sources */ = {
			isa = PBXSourcesBuildPhase;
			buildActionMask = 2147483647;
			files = (
				BBC5B85D1BA0023600BE8791 /* ViewController.swift in Sources */,
				BBC5B85B1BA0023600BE8791 /* AppDelegate.swift in Sources */,
			);
			runOnlyForDeploymentPostprocessing = 0;
		};
		BBC5B8661BA0023600BE8791 /* Sources */ = {
			isa = PBXSourcesBuildPhase;
			buildActionMask = 2147483647;
			files = (
				BBC5B8711BA0023600BE8791 /* VCWaitingViewTests.swift in Sources */,
			);
			runOnlyForDeploymentPostprocessing = 0;
		};
/* End PBXSourcesBuildPhase section */

/* Begin PBXTargetDependency section */
		BBC5B86C1BA0023600BE8791 /* PBXTargetDependency */ = {
			isa = PBXTargetDependency;
			target = BBC5B8541BA0023600BE8791 /* VCWaitingView */;
			targetProxy = BBC5B86B1BA0023600BE8791 /* PBXContainerItemProxy */;
		};
/* End PBXTargetDependency section */

/* Begin PBXVariantGroup section */
		BBC5B85E1BA0023600BE8791 /* Main.storyboard */ = {
			isa = PBXVariantGroup;
			children = (
				BBC5B85F1BA0023600BE8791 /* Base */,
			);
			name = Main.storyboard;
			sourceTree = "<group>";
		};
		BBC5B8631BA0023600BE8791 /* LaunchScreen.xib */ = {
			isa = PBXVariantGroup;
			children = (
				BBC5B8641BA0023600BE8791 /* Base */,
			);
			name = LaunchScreen.xib;
			sourceTree = "<group>";
		};
/* End PBXVariantGroup section */

/* Begin XCBuildConfiguration section */
		BBC5B8721BA0023600BE8791 /* Debug */ = {
			isa = XCBuildConfiguration;
			buildSettings = {
				ALWAYS_SEARCH_USER_PATHS = NO;
				CLANG_CXX_LANGUAGE_STANDARD = "gnu++0x";
				CLANG_CXX_LIBRARY = "libc++";
				CLANG_ENABLE_MODULES = YES;
				CLANG_ENABLE_OBJC_ARC = YES;
				CLANG_WARN_BOOL_CONVERSION = YES;
				CLANG_WARN_CONSTANT_CONVERSION = YES;
				CLANG_WARN_DIRECT_OBJC_ISA_USAGE = YES_ERROR;
				CLANG_WARN_EMPTY_BODY = YES;
				CLANG_WARN_ENUM_CONVERSION = YES;
				CLANG_WARN_INT_CONVERSION = YES;
				CLANG_WARN_OBJC_ROOT_CLASS = YES_ERROR;
				CLANG_WARN_UNREACHABLE_CODE = YES;
				CLANG_WARN__DUPLICATE_METHOD_MATCH = YES;
				"CODE_SIGN_IDENTITY[sdk=iphoneos*]" = "iPhone Developer";
				COPY_PHASE_STRIP = NO;
				DEBUG_INFORMATION_FORMAT = "dwarf-with-dsym";
				ENABLE_STRICT_OBJC_MSGSEND = YES;
				GCC_C_LANGUAGE_STANDARD = gnu99;
				GCC_DYNAMIC_NO_PIC = NO;
				GCC_NO_COMMON_BLOCKS = YES;
				GCC_OPTIMIZATION_LEVEL = 0;
				GCC_PREPROCESSOR_DEFINITIONS = (
					"DEBUG=1",
					"$(inherited)",
				);
				GCC_SYMBOLS_PRIVATE_EXTERN = NO;
				GCC_WARN_64_TO_32_BIT_CONVERSION = YES;
				GCC_WARN_ABOUT_RETURN_TYPE = YES_ERROR;
				GCC_WARN_UNDECLARED_SELECTOR = YES;
				GCC_WARN_UNINITIALIZED_AUTOS = YES_AGGRESSIVE;
				GCC_WARN_UNUSED_FUNCTION = YES;
				GCC_WARN_UNUSED_VARIABLE = YES;
				IPHONEOS_DEPLOYMENT_TARGET = 8.4;
				MTL_ENABLE_DEBUG_INFO = YES;
				ONLY_ACTIVE_ARCH = YES;
				SDKROOT = iphoneos;
				SWIFT_OPTIMIZATION_LEVEL = "-Onone";
				TARGETED_DEVICE_FAMILY = "1,2";
			};
			name = Debug;
		};
		BBC5B8731BA0023600BE8791 /* Release */ = {
			isa = XCBuildConfiguration;
			buildSettings = {
				ALWAYS_SEARCH_USER_PATHS = NO;
				CLANG_CXX_LANGUAGE_STANDARD = "gnu++0x";
				CLANG_CXX_LIBRARY = "libc++";
				CLANG_ENABLE_MODULES = YES;
				CLANG_ENABLE_OBJC_ARC = YES;
				CLANG_WARN_BOOL_CONVERSION = YES;
				CLANG_WARN_CONSTANT_CONVERSION = YES;
				CLANG_WARN_DIRECT_OBJC_ISA_USAGE = YES_ERROR;
				CLANG_WARN_EMPTY_BODY = YES;
				CLANG_WARN_ENUM_CONVERSION = YES;
				CLANG_WARN_INT_CONVERSION = YES;
				CLANG_WARN_OBJC_ROOT_CLASS = YES_ERROR;
				CLANG_WARN_UNREACHABLE_CODE = YES;
				CLANG_WARN__DUPLICATE_METHOD_MATCH = YES;
				"CODE_SIGN_IDENTITY[sdk=iphoneos*]" = "iPhone Developer";
				COPY_PHASE_STRIP = NO;
				DEBUG_INFORMATION_FORMAT = "dwarf-with-dsym";
				ENABLE_NS_ASSERTIONS = NO;
				ENABLE_STRICT_OBJC_MSGSEND = YES;
				GCC_C_LANGUAGE_STANDARD = gnu99;
				GCC_NO_COMMON_BLOCKS = YES;
				GCC_WARN_64_TO_32_BIT_CONVERSION = YES;
				GCC_WARN_ABOUT_RETURN_TYPE = YES_ERROR;
				GCC_WARN_UNDECLARED_SELECTOR = YES;
				GCC_WARN_UNINITIALIZED_AUTOS = YES_AGGRESSIVE;
				GCC_WARN_UNUSED_FUNCTION = YES;
				GCC_WARN_UNUSED_VARIABLE = YES;
				IPHONEOS_DEPLOYMENT_TARGET = 8.4;
				MTL_ENABLE_DEBUG_INFO = NO;
				SDKROOT = iphoneos;
				TARGETED_DEVICE_FAMILY = "1,2";
				VALIDATE_PRODUCT = YES;
			};
			name = Release;
		};
		BBC5B8751BA0023600BE8791 /* Debug */ = {
			isa = XCBuildConfiguration;
			buildSettings = {
				ASSETCATALOG_COMPILER_APPICON_NAME = AppIcon;
				INFOPLIST_FILE = VCWaitingView/Info.plist;
				LD_RUNPATH_SEARCH_PATHS = "$(inherited) @executable_path/Frameworks";
				PRODUCT_NAME = "$(TARGET_NAME)";
			};
			name = Debug;
		};
		BBC5B8761BA0023600BE8791 /* Release */ = {
			isa = XCBuildConfiguration;
			buildSettings = {
				ASSETCATALOG_COMPILER_APPICON_NAME = AppIcon;
				INFOPLIST_FILE = VCWaitingView/Info.plist;
				LD_RUNPATH_SEARCH_PATHS = "$(inherited) @executable_path/Frameworks";
				PRODUCT_NAME = "$(TARGET_NAME)";
			};
			name = Release;
		};
		BBC5B8781BA0023600BE8791 /* Debug */ = {
			isa = XCBuildConfiguration;
			buildSettings = {
				BUNDLE_LOADER = "$(TEST_HOST)";
				FRAMEWORK_SEARCH_PATHS = (
					"$(SDKROOT)/Developer/Library/Frameworks",
					"$(inherited)",
				);
				GCC_PREPROCESSOR_DEFINITIONS = (
					"DEBUG=1",
					"$(inherited)",
				);
				INFOPLIST_FILE = VCWaitingViewTests/Info.plist;
				LD_RUNPATH_SEARCH_PATHS = "$(inherited) @executable_path/Frameworks @loader_path/Frameworks";
				PRODUCT_NAME = "$(TARGET_NAME)";
				TEST_HOST = "$(BUILT_PRODUCTS_DIR)/VCWaitingView.app/VCWaitingView";
			};
			name = Debug;
		};
		BBC5B8791BA0023600BE8791 /* Release */ = {
			isa = XCBuildConfiguration;
			buildSettings = {
				BUNDLE_LOADER = "$(TEST_HOST)";
				FRAMEWORK_SEARCH_PATHS = (
					"$(SDKROOT)/Developer/Library/Frameworks",
					"$(inherited)",
				);
				INFOPLIST_FILE = VCWaitingViewTests/Info.plist;
				LD_RUNPATH_SEARCH_PATHS = "$(inherited) @executable_path/Frameworks @loader_path/Frameworks";
				PRODUCT_NAME = "$(TARGET_NAME)";
				TEST_HOST = "$(BUILT_PRODUCTS_DIR)/VCWaitingView.app/VCWaitingView";
			};
			name = Release;
		};
/* End XCBuildConfiguration section */

/* Begin XCConfigurationList section */
		BBC5B8501BA0023600BE8791 /* Build configuration list for PBXProject "VCWaitingView" */ = {
			isa = XCConfigurationList;
			buildConfigurations = (
				BBC5B8721BA0023600BE8791 /* Debug */,
				BBC5B8731BA0023600BE8791 /* Release */,
			);
			defaultConfigurationIsVisible = 0;
			defaultConfigurationName = Release;
		};
		BBC5B8741BA0023600BE8791 /* Build configuration list for PBXNativeTarget "VCWaitingView" */ = {
			isa = XCConfigurationList;
			buildConfigurations = (
				BBC5B8751BA0023600BE8791 /* Debug */,
				BBC5B8761BA0023600BE8791 /* Release */,
			);
			defaultConfigurationIsVisible = 0;
		};
		BBC5B8771BA0023600BE8791 /* Build configuration list for PBXNativeTarget "VCWaitingViewTests" */ = {
			isa = XCConfigurationList;
			buildConfigurations = (
				BBC5B8781BA0023600BE8791 /* Debug */,
				BBC5B8791BA0023600BE8791 /* Release */,
			);
			defaultConfigurationIsVisible = 0;
		};
/* End XCConfigurationList section */
	};
	rootObject = BBC5B84D1BA0023600BE8791 /* Project object */;
}
